// !$*UTF8*$!
{
	archiveVersion = 1;
	classes = {
	};
	objectVersion = 46;
	objects = {

/* Begin PBXBuildFile section */
		E4AE3A381C7F8C9500E7670E /* Assets.xcassets in Resources */ = {isa = PBXBuildFile; fileRef = E4AE3A371C7F8C9500E7670E /* Assets.xcassets */; };
		E4AE3A461C7F8C9500E7670E /* SwipeTests.m in Sources */ = {isa = PBXBuildFile; fileRef = E4AE3A451C7F8C9500E7670E /* SwipeTests.m */; };
		E4AE3A511C7F8C9500E7670E /* SwipeUITests.m in Sources */ = {isa = PBXBuildFile; fileRef = E4AE3A501C7F8C9500E7670E /* SwipeUITests.m */; };
		E4AE3A5F1C7F939C00E7670E /* linkedin-sdk.framework in Frameworks */ = {isa = PBXBuildFile; fileRef = E4AE3A5E1C7F939C00E7670E /* linkedin-sdk.framework */; };
		E4C2F8B21CB17E090017F0FD /* AppDelegate.m in Sources */ = {isa = PBXBuildFile; fileRef = E4C2F8B01CB17E090017F0FD /* AppDelegate.m */; };
		E4C2F8B31CB17E090017F0FD /* main.m in Sources */ = {isa = PBXBuildFile; fileRef = E4C2F8B11CB17E090017F0FD /* main.m */; };
		E4C2F8B61CB17E320017F0FD /* ViewController.m in Sources */ = {isa = PBXBuildFile; fileRef = E4C2F8B51CB17E320017F0FD /* ViewController.m */; };
		E4C2F8BB1CB17E500017F0FD /* SWCard.m in Sources */ = {isa = PBXBuildFile; fileRef = E4C2F8B81CB17E500017F0FD /* SWCard.m */; };
		E4C2F8BC1CB17E500017F0FD /* SWRequest.m in Sources */ = {isa = PBXBuildFile; fileRef = E4C2F8BA1CB17E500017F0FD /* SWRequest.m */; };
		E4C2F8BF1CB17E700017F0FD /* LaunchScreen.storyboard in Resources */ = {isa = PBXBuildFile; fileRef = E4C2F8BD1CB17E700017F0FD /* LaunchScreen.storyboard */; };
		E4C2F8C91CB181C60017F0FD /* SWCardCreationLandingView.xib in Resources */ = {isa = PBXBuildFile; fileRef = E4C2F8C81CB181C60017F0FD /* SWCardCreationLandingView.xib */; };
		E4C2F8CD1CB184450017F0FD /* SWCardCreationLandingViewController.m in Sources */ = {isa = PBXBuildFile; fileRef = E4C2F8CB1CB184450017F0FD /* SWCardCreationLandingViewController.m */; };
		E4C2F8D71CB187120017F0FD /* SWCardCreationLandingView.m in Sources */ = {isa = PBXBuildFile; fileRef = E4C2F8D61CB187120017F0FD /* SWCardCreationLandingView.m */; };
		E4C2F8E01CB1893D0017F0FD /* SWView.m in Sources */ = {isa = PBXBuildFile; fileRef = E4C2F8DF1CB1893D0017F0FD /* SWView.m */; };
		E4C2F8E31CB189560017F0FD /* SWButton.m in Sources */ = {isa = PBXBuildFile; fileRef = E4C2F8E21CB189560017F0FD /* SWButton.m */; };
		E4C2F8E61CB18E2E0017F0FD /* SWLinkedInHandler.m in Sources */ = {isa = PBXBuildFile; fileRef = E4C2F8E51CB18E2E0017F0FD /* SWLinkedInHandler.m */; };
/* End PBXBuildFile section */

/* Begin PBXContainerItemProxy section */
		E4AE3A421C7F8C9500E7670E /* PBXContainerItemProxy */ = {
			isa = PBXContainerItemProxy;
			containerPortal = E4AE3A201C7F8C9500E7670E /* Project object */;
			proxyType = 1;
			remoteGlobalIDString = E4AE3A271C7F8C9500E7670E;
			remoteInfo = Swipe;
		};
		E4AE3A4D1C7F8C9500E7670E /* PBXContainerItemProxy */ = {
			isa = PBXContainerItemProxy;
			containerPortal = E4AE3A201C7F8C9500E7670E /* Project object */;
			proxyType = 1;
			remoteGlobalIDString = E4AE3A271C7F8C9500E7670E;
			remoteInfo = Swipe;
		};
/* End PBXContainerItemProxy section */

/* Begin PBXFileReference section */
		E4AE3A281C7F8C9500E7670E /* Swipe.app */ = {isa = PBXFileReference; explicitFileType = wrapper.application; includeInIndex = 0; path = Swipe.app; sourceTree = BUILT_PRODUCTS_DIR; };
		E4AE3A371C7F8C9500E7670E /* Assets.xcassets */ = {isa = PBXFileReference; lastKnownFileType = folder.assetcatalog; path = Assets.xcassets; sourceTree = "<group>"; };
		E4AE3A3C1C7F8C9500E7670E /* Info.plist */ = {isa = PBXFileReference; lastKnownFileType = text.plist.xml; path = Info.plist; sourceTree = "<group>"; };
		E4AE3A411C7F8C9500E7670E /* Swipe.xctest */ = {isa = PBXFileReference; explicitFileType = wrapper.cfbundle; includeInIndex = 0; path = Swipe.xctest; sourceTree = BUILT_PRODUCTS_DIR; };
		E4AE3A451C7F8C9500E7670E /* SwipeTests.m */ = {isa = PBXFileReference; lastKnownFileType = sourcecode.c.objc; path = SwipeTests.m; sourceTree = "<group>"; };
		E4AE3A471C7F8C9500E7670E /* Info.plist */ = {isa = PBXFileReference; lastKnownFileType = text.plist.xml; path = Info.plist; sourceTree = "<group>"; };
		E4AE3A4C1C7F8C9500E7670E /* Swipe.xctest */ = {isa = PBXFileReference; explicitFileType = wrapper.cfbundle; includeInIndex = 0; path = Swipe.xctest; sourceTree = BUILT_PRODUCTS_DIR; };
		E4AE3A501C7F8C9500E7670E /* SwipeUITests.m */ = {isa = PBXFileReference; lastKnownFileType = sourcecode.c.objc; path = SwipeUITests.m; sourceTree = "<group>"; };
		E4AE3A521C7F8C9500E7670E /* Info.plist */ = {isa = PBXFileReference; lastKnownFileType = text.plist.xml; path = Info.plist; sourceTree = "<group>"; };
		E4AE3A5E1C7F939C00E7670E /* linkedin-sdk.framework */ = {isa = PBXFileReference; lastKnownFileType = wrapper.framework; path = "linkedin-sdk.framework"; sourceTree = "<group>"; };
		E4C2F8AF1CB17E090017F0FD /* AppDelegate.h */ = {isa = PBXFileReference; fileEncoding = 4; lastKnownFileType = sourcecode.c.h; name = AppDelegate.h; path = Application/AppDelegate.h; sourceTree = "<group>"; };
		E4C2F8B01CB17E090017F0FD /* AppDelegate.m */ = {isa = PBXFileReference; fileEncoding = 4; lastKnownFileType = sourcecode.c.objc; name = AppDelegate.m; path = Application/AppDelegate.m; sourceTree = "<group>"; };
		E4C2F8B11CB17E090017F0FD /* main.m */ = {isa = PBXFileReference; fileEncoding = 4; lastKnownFileType = sourcecode.c.objc; name = main.m; path = Application/main.m; sourceTree = "<group>"; };
		E4C2F8B41CB17E320017F0FD /* ViewController.h */ = {isa = PBXFileReference; fileEncoding = 4; lastKnownFileType = sourcecode.c.h; name = ViewController.h; path = CoreControllers/ViewController.h; sourceTree = "<group>"; };
		E4C2F8B51CB17E320017F0FD /* ViewController.m */ = {isa = PBXFileReference; fileEncoding = 4; lastKnownFileType = sourcecode.c.objc; name = ViewController.m; path = CoreControllers/ViewController.m; sourceTree = "<group>"; };
		E4C2F8B71CB17E500017F0FD /* SWCard.h */ = {isa = PBXFileReference; fileEncoding = 4; lastKnownFileType = sourcecode.c.h; name = SWCard.h; path = CoreModels/SWCard.h; sourceTree = "<group>"; };
		E4C2F8B81CB17E500017F0FD /* SWCard.m */ = {isa = PBXFileReference; fileEncoding = 4; lastKnownFileType = sourcecode.c.objc; name = SWCard.m; path = CoreModels/SWCard.m; sourceTree = "<group>"; };
		E4C2F8B91CB17E500017F0FD /* SWRequest.h */ = {isa = PBXFileReference; fileEncoding = 4; lastKnownFileType = sourcecode.c.h; name = SWRequest.h; path = CoreModels/SWRequest.h; sourceTree = "<group>"; };
		E4C2F8BA1CB17E500017F0FD /* SWRequest.m */ = {isa = PBXFileReference; fileEncoding = 4; lastKnownFileType = sourcecode.c.objc; name = SWRequest.m; path = CoreModels/SWRequest.m; sourceTree = "<group>"; };
		E4C2F8BD1CB17E700017F0FD /* LaunchScreen.storyboard */ = {isa = PBXFileReference; fileEncoding = 4; lastKnownFileType = file.storyboard; name = LaunchScreen.storyboard; path = CoreViews/LaunchScreen.storyboard; sourceTree = "<group>"; };
		E4C2F8C81CB181C60017F0FD /* SWCardCreationLandingView.xib */ = {isa = PBXFileReference; fileEncoding = 4; lastKnownFileType = file.xib; name = SWCardCreationLandingView.xib; path = CardCreation/Views/SWCardCreationLandingView.xib; sourceTree = "<group>"; };
		E4C2F8CA1CB184450017F0FD /* SWCardCreationLandingViewController.h */ = {isa = PBXFileReference; fileEncoding = 4; lastKnownFileType = sourcecode.c.h; name = SWCardCreationLandingViewController.h; path = CardCreation/Controllers/SWCardCreationLandingViewController.h; sourceTree = "<group>"; };
		E4C2F8CB1CB184450017F0FD /* SWCardCreationLandingViewController.m */ = {isa = PBXFileReference; fileEncoding = 4; lastKnownFileType = sourcecode.c.objc; name = SWCardCreationLandingViewController.m; path = CardCreation/Controllers/SWCardCreationLandingViewController.m; sourceTree = "<group>"; };
		E4C2F8D51CB187120017F0FD /* SWCardCreationLandingView.h */ = {isa = PBXFileReference; fileEncoding = 4; lastKnownFileType = sourcecode.c.h; name = SWCardCreationLandingView.h; path = CardCreation/Views/SWCardCreationLandingView.h; sourceTree = "<group>"; };
		E4C2F8D61CB187120017F0FD /* SWCardCreationLandingView.m */ = {isa = PBXFileReference; fileEncoding = 4; lastKnownFileType = sourcecode.c.objc; name = SWCardCreationLandingView.m; path = CardCreation/Views/SWCardCreationLandingView.m; sourceTree = "<group>"; };
		E4C2F8DE1CB1893D0017F0FD /* SWView.h */ = {isa = PBXFileReference; fileEncoding = 4; lastKnownFileType = sourcecode.c.h; name = SWView.h; path = CoreViews/SWView.h; sourceTree = "<group>"; };
		E4C2F8DF1CB1893D0017F0FD /* SWView.m */ = {isa = PBXFileReference; fileEncoding = 4; lastKnownFileType = sourcecode.c.objc; name = SWView.m; path = CoreViews/SWView.m; sourceTree = "<group>"; };
		E4C2F8E11CB189560017F0FD /* SWButton.h */ = {isa = PBXFileReference; fileEncoding = 4; lastKnownFileType = sourcecode.c.h; name = SWButton.h; path = CoreViews/SWButton.h; sourceTree = "<group>"; };
		E4C2F8E21CB189560017F0FD /* SWButton.m */ = {isa = PBXFileReference; fileEncoding = 4; lastKnownFileType = sourcecode.c.objc; name = SWButton.m; path = CoreViews/SWButton.m; sourceTree = "<group>"; };
		E4C2F8E41CB18E2E0017F0FD /* SWLinkedInHandler.h */ = {isa = PBXFileReference; fileEncoding = 4; lastKnownFileType = sourcecode.c.h; name = SWLinkedInHandler.h; path = CoreModels/SWLinkedInHandler.h; sourceTree = "<group>"; };
		E4C2F8E51CB18E2E0017F0FD /* SWLinkedInHandler.m */ = {isa = PBXFileReference; fileEncoding = 4; lastKnownFileType = sourcecode.c.objc; name = SWLinkedInHandler.m; path = CoreModels/SWLinkedInHandler.m; sourceTree = "<group>"; };
/* End PBXFileReference section */

/* Begin PBXFrameworksBuildPhase section */
		E4AE3A251C7F8C9500E7670E /* Frameworks */ = {
			isa = PBXFrameworksBuildPhase;
			buildActionMask = 2147483647;
			files = (
				E4AE3A5F1C7F939C00E7670E /* linkedin-sdk.framework in Frameworks */,
			);
			runOnlyForDeploymentPostprocessing = 0;
		};
		E4AE3A3E1C7F8C9500E7670E /* Frameworks */ = {
			isa = PBXFrameworksBuildPhase;
			buildActionMask = 2147483647;
			files = (
			);
			runOnlyForDeploymentPostprocessing = 0;
		};
		E4AE3A491C7F8C9500E7670E /* Frameworks */ = {
			isa = PBXFrameworksBuildPhase;
			buildActionMask = 2147483647;
			files = (
			);
			runOnlyForDeploymentPostprocessing = 0;
		};
/* End PBXFrameworksBuildPhase section */

/* Begin PBXGroup section */
		E47F36E81CA7329100F01993 /* Core Models */ = {
			isa = PBXGroup;
			children = (
				E4C2F8B71CB17E500017F0FD /* SWCard.h */,
				E4C2F8B81CB17E500017F0FD /* SWCard.m */,
				E4C2F8B91CB17E500017F0FD /* SWRequest.h */,
				E4C2F8BA1CB17E500017F0FD /* SWRequest.m */,
				E4C2F8E41CB18E2E0017F0FD /* SWLinkedInHandler.h */,
				E4C2F8E51CB18E2E0017F0FD /* SWLinkedInHandler.m */,
			);
			name = "Core Models";
			sourceTree = "<group>";
		};
		E47F36E91CA7329A00F01993 /* Core Views */ = {
			isa = PBXGroup;
			children = (
				E4C2F8BD1CB17E700017F0FD /* LaunchScreen.storyboard */,
				E4C2F8DE1CB1893D0017F0FD /* SWView.h */,
				E4C2F8DF1CB1893D0017F0FD /* SWView.m */,
				E4C2F8E11CB189560017F0FD /* SWButton.h */,
				E4C2F8E21CB189560017F0FD /* SWButton.m */,
			);
			name = "Core Views";
			sourceTree = "<group>";
		};
		E47F36EA1CA732B300F01993 /* Core Controllers */ = {
			isa = PBXGroup;
			children = (
				E4C2F8B41CB17E320017F0FD /* ViewController.h */,
				E4C2F8B51CB17E320017F0FD /* ViewController.m */,
			);
			name = "Core Controllers";
			sourceTree = "<group>";
		};
		E47F36EB1CA732C100F01993 /* Application */ = {
			isa = PBXGroup;
			children = (
				E4C2F8AF1CB17E090017F0FD /* AppDelegate.h */,
				E4C2F8B01CB17E090017F0FD /* AppDelegate.m */,
				E4C2F8B11CB17E090017F0FD /* main.m */,
			);
			name = Application;
			sourceTree = "<group>";
		};
		E4AE3A1F1C7F8C9500E7670E = {
			isa = PBXGroup;
			children = (
				E4AE3A2A1C7F8C9500E7670E /* Swipe */,
				E4AE3A441C7F8C9500E7670E /* SwipeTests */,
				E4AE3A4F1C7F8C9500E7670E /* SwipeUITests */,
				E4AE3A291C7F8C9500E7670E /* Products */,
			);
			sourceTree = "<group>";
		};
		E4AE3A291C7F8C9500E7670E /* Products */ = {
			isa = PBXGroup;
			children = (
				E4AE3A281C7F8C9500E7670E /* Swipe.app */,
				E4AE3A411C7F8C9500E7670E /* Swipe.xctest */,
				E4AE3A4C1C7F8C9500E7670E /* Swipe.xctest */,
			);
			name = Products;
			sourceTree = "<group>";
		};
		E4AE3A2A1C7F8C9500E7670E /* Swipe */ = {
			isa = PBXGroup;
			children = (
				E47F36EB1CA732C100F01993 /* Application */,
				E47F36EA1CA732B300F01993 /* Core Controllers */,
				E47F36E81CA7329100F01993 /* Core Models */,
				E47F36E91CA7329A00F01993 /* Core Views */,
				E4C2F8C11CB17E9D0017F0FD /* Card Creation */,
				E4C2F8C21CB17EAB0017F0FD /* Card Swiping */,
				E4C2F8C31CB17EB80017F0FD /* Card Operation */,
				E4C2F8C41CB17F090017F0FD /* App Setting */,
				E4AE3A371C7F8C9500E7670E /* Assets.xcassets */,
				E4AE3A2B1C7F8C9500E7670E /* Supporting Files */,
				E4AE3A5E1C7F939C00E7670E /* linkedin-sdk.framework */,
			);
			path = Swipe;
			sourceTree = "<group>";
		};
		E4AE3A2B1C7F8C9500E7670E /* Supporting Files */ = {
			isa = PBXGroup;
			children = (
				E4AE3A3C1C7F8C9500E7670E /* Info.plist */,
			);
			name = "Supporting Files";
			sourceTree = "<group>";
		};
		E4AE3A441C7F8C9500E7670E /* SwipeTests */ = {
			isa = PBXGroup;
			children = (
				E4AE3A451C7F8C9500E7670E /* SwipeTests.m */,
				E4AE3A471C7F8C9500E7670E /* Info.plist */,
			);
			path = SwipeTests;
			sourceTree = "<group>";
		};
		E4AE3A4F1C7F8C9500E7670E /* SwipeUITests */ = {
			isa = PBXGroup;
			children = (
				E4AE3A501C7F8C9500E7670E /* SwipeUITests.m */,
				E4AE3A521C7F8C9500E7670E /* Info.plist */,
			);
			path = SwipeUITests;
			sourceTree = "<group>";
		};
		E4C2F8C11CB17E9D0017F0FD /* Card Creation */ = {
			isa = PBXGroup;
			children = (
				E4C2F8C71CB17FD30017F0FD /* Controllers */,
				E4C2F8C61CB17FC90017F0FD /* Views */,
				E4C2F8C51CB17FB80017F0FD /* Models */,
			);
			name = "Card Creation";
			sourceTree = "<group>";
		};
		E4C2F8C21CB17EAB0017F0FD /* Card Swiping */ = {
			isa = PBXGroup;
			children = (
			);
			name = "Card Swiping";
			sourceTree = "<group>";
		};
		E4C2F8C31CB17EB80017F0FD /* Card Operation */ = {
			isa = PBXGroup;
			children = (
			);
			name = "Card Operation";
			sourceTree = "<group>";
		};
		E4C2F8C41CB17F090017F0FD /* App Setting */ = {
			isa = PBXGroup;
			children = (
			);
			name = "App Setting";
			sourceTree = "<group>";
		};
		E4C2F8C51CB17FB80017F0FD /* Models */ = {
			isa = PBXGroup;
			children = (
			);
			name = Models;
			sourceTree = "<group>";
		};
		E4C2F8C61CB17FC90017F0FD /* Views */ = {
			isa = PBXGroup;
			children = (
				E4C2F8C81CB181C60017F0FD /* SWCardCreationLandingView.xib */,
				E4C2F8D51CB187120017F0FD /* SWCardCreationLandingView.h */,
				E4C2F8D61CB187120017F0FD /* SWCardCreationLandingView.m */,
			);
			name = Views;
			sourceTree = "<group>";
		};
		E4C2F8C71CB17FD30017F0FD /* Controllers */ = {
			isa = PBXGroup;
			children = (
				E4C2F8CA1CB184450017F0FD /* SWCardCreationLandingViewController.h */,
				E4C2F8CB1CB184450017F0FD /* SWCardCreationLandingViewController.m */,
			);
			name = Controllers;
			sourceTree = "<group>";
		};
/* End PBXGroup section */

/* Begin PBXNativeTarget section */
		E4AE3A271C7F8C9500E7670E /* Swipe */ = {
			isa = PBXNativeTarget;
			buildConfigurationList = E4AE3A551C7F8C9500E7670E /* Build configuration list for PBXNativeTarget "Swipe" */;
			buildPhases = (
				E4AE3A241C7F8C9500E7670E /* Sources */,
				E4AE3A251C7F8C9500E7670E /* Frameworks */,
				E4AE3A261C7F8C9500E7670E /* Resources */,
			);
			buildRules = (
			);
			dependencies = (
			);
			name = Swipe;
			productName = Swipe;
			productReference = E4AE3A281C7F8C9500E7670E /* Swipe.app */;
			productType = "com.apple.product-type.application";
		};
		E4AE3A401C7F8C9500E7670E /* SwipeTests */ = {
			isa = PBXNativeTarget;
			buildConfigurationList = E4AE3A581C7F8C9500E7670E /* Build configuration list for PBXNativeTarget "SwipeTests" */;
			buildPhases = (
				E4AE3A3D1C7F8C9500E7670E /* Sources */,
				E4AE3A3E1C7F8C9500E7670E /* Frameworks */,
				E4AE3A3F1C7F8C9500E7670E /* Resources */,
			);
			buildRules = (
			);
			dependencies = (
				E4AE3A431C7F8C9500E7670E /* PBXTargetDependency */,
			);
			name = SwipeTests;
			productName = SwipeTests;
			productReference = E4AE3A411C7F8C9500E7670E /* Swipe.xctest */;
			productType = "com.apple.product-type.bundle.unit-test";
		};
		E4AE3A4B1C7F8C9500E7670E /* SwipeUITests */ = {
			isa = PBXNativeTarget;
			buildConfigurationList = E4AE3A5B1C7F8C9500E7670E /* Build configuration list for PBXNativeTarget "SwipeUITests" */;
			buildPhases = (
				E4AE3A481C7F8C9500E7670E /* Sources */,
				E4AE3A491C7F8C9500E7670E /* Frameworks */,
				E4AE3A4A1C7F8C9500E7670E /* Resources */,
			);
			buildRules = (
			);
			dependencies = (
				E4AE3A4E1C7F8C9500E7670E /* PBXTargetDependency */,
			);
			name = SwipeUITests;
			productName = SwipeUITests;
			productReference = E4AE3A4C1C7F8C9500E7670E /* Swipe.xctest */;
			productType = "com.apple.product-type.bundle.ui-testing";
		};
/* End PBXNativeTarget section */

/* Begin PBXProject section */
		E4AE3A201C7F8C9500E7670E /* Project object */ = {
			isa = PBXProject;
			attributes = {
				LastUpgradeCheck = 0720;
				ORGANIZATIONNAME = "Guowei Mo";
				TargetAttributes = {
					E4AE3A271C7F8C9500E7670E = {
						CreatedOnToolsVersion = 7.2.1;
						DevelopmentTeam = 6CN522LZF3;
					};
					E4AE3A401C7F8C9500E7670E = {
						CreatedOnToolsVersion = 7.2.1;
						TestTargetID = E4AE3A271C7F8C9500E7670E;
					};
					E4AE3A4B1C7F8C9500E7670E = {
						CreatedOnToolsVersion = 7.2.1;
						TestTargetID = E4AE3A271C7F8C9500E7670E;
					};
				};
			};
			buildConfigurationList = E4AE3A231C7F8C9500E7670E /* Build configuration list for PBXProject "Swipe" */;
			compatibilityVersion = "Xcode 3.2";
			developmentRegion = English;
			hasScannedForEncodings = 0;
			knownRegions = (
				en,
				Base,
			);
			mainGroup = E4AE3A1F1C7F8C9500E7670E;
			productRefGroup = E4AE3A291C7F8C9500E7670E /* Products */;
			projectDirPath = "";
			projectRoot = "";
			targets = (
				E4AE3A271C7F8C9500E7670E /* Swipe */,
				E4AE3A401C7F8C9500E7670E /* SwipeTests */,
				E4AE3A4B1C7F8C9500E7670E /* SwipeUITests */,
			);
		};
/* End PBXProject section */

/* Begin PBXResourcesBuildPhase section */
		E4AE3A261C7F8C9500E7670E /* Resources */ = {
			isa = PBXResourcesBuildPhase;
			buildActionMask = 2147483647;
			files = (
				E4C2F8C91CB181C60017F0FD /* SWCardCreationLandingView.xib in Resources */,
				E4AE3A381C7F8C9500E7670E /* Assets.xcassets in Resources */,
				E4C2F8BF1CB17E700017F0FD /* LaunchScreen.storyboard in Resources */,
			);
			runOnlyForDeploymentPostprocessing = 0;
		};
		E4AE3A3F1C7F8C9500E7670E /* Resources */ = {
			isa = PBXResourcesBuildPhase;
			buildActionMask = 2147483647;
			files = (
			);
			runOnlyForDeploymentPostprocessing = 0;
		};
		E4AE3A4A1C7F8C9500E7670E /* Resources */ = {
			isa = PBXResourcesBuildPhase;
			buildActionMask = 2147483647;
			files = (
			);
			runOnlyForDeploymentPostprocessing = 0;
		};
/* End PBXResourcesBuildPhase section */

/* Begin PBXSourcesBuildPhase section */
		E4AE3A241C7F8C9500E7670E /* Sources */ = {
			isa = PBXSourcesBuildPhase;
			buildActionMask = 2147483647;
			files = (
				E4C2F8E01CB1893D0017F0FD /* SWView.m in Sources */,
				E4C2F8B31CB17E090017F0FD /* main.m in Sources */,
				E4C2F8E61CB18E2E0017F0FD /* SWLinkedInHandler.m in Sources */,
				E4C2F8CD1CB184450017F0FD /* SWCardCreationLandingViewController.m in Sources */,
				E4C2F8E31CB189560017F0FD /* SWButton.m in Sources */,
				E4C2F8B21CB17E090017F0FD /* AppDelegate.m in Sources */,
				E4C2F8D71CB187120017F0FD /* SWCardCreationLandingView.m in Sources */,
				E4C2F8BC1CB17E500017F0FD /* SWRequest.m in Sources */,
				E4C2F8B61CB17E320017F0FD /* ViewController.m in Sources */,
				E4C2F8BB1CB17E500017F0FD /* SWCard.m in Sources */,
			);
			runOnlyForDeploymentPostprocessing = 0;
		};
		E4AE3A3D1C7F8C9500E7670E /* Sources */ = {
			isa = PBXSourcesBuildPhase;
			buildActionMask = 2147483647;
			files = (
				E4AE3A461C7F8C9500E7670E /* SwipeTests.m in Sources */,
			);
			runOnlyForDeploymentPostprocessing = 0;
		};
		E4AE3A481C7F8C9500E7670E /* Sources */ = {
			isa = PBXSourcesBuildPhase;
			buildActionMask = 2147483647;
			files = (
				E4AE3A511C7F8C9500E7670E /* SwipeUITests.m in Sources */,
			);
			runOnlyForDeploymentPostprocessing = 0;
		};
/* End PBXSourcesBuildPhase section */

/* Begin PBXTargetDependency section */
		E4AE3A431C7F8C9500E7670E /* PBXTargetDependency */ = {
			isa = PBXTargetDependency;
			target = E4AE3A271C7F8C9500E7670E /* Swipe */;
			targetProxy = E4AE3A421C7F8C9500E7670E /* PBXContainerItemProxy */;
		};
		E4AE3A4E1C7F8C9500E7670E /* PBXTargetDependency */ = {
			isa = PBXTargetDependency;
			target = E4AE3A271C7F8C9500E7670E /* Swipe */;
			targetProxy = E4AE3A4D1C7F8C9500E7670E /* PBXContainerItemProxy */;
		};
/* End PBXTargetDependency section */

/* Begin XCBuildConfiguration section */
		E4AE3A531C7F8C9500E7670E /* Debug */ = {
			isa = XCBuildConfiguration;
			buildSettings = {
				ALWAYS_SEARCH_USER_PATHS = NO;
				CLANG_CXX_LANGUAGE_STANDARD = "gnu++0x";
				CLANG_CXX_LIBRARY = "libc++";
				CLANG_ENABLE_MODULES = YES;
				CLANG_ENABLE_OBJC_ARC = YES;
				CLANG_WARN_BOOL_CONVERSION = YES;
				CLANG_WARN_CONSTANT_CONVERSION = YES;
				CLANG_WARN_DIRECT_OBJC_ISA_USAGE = YES_ERROR;
				CLANG_WARN_EMPTY_BODY = YES;
				CLANG_WARN_ENUM_CONVERSION = YES;
				CLANG_WARN_INT_CONVERSION = YES;
				CLANG_WARN_OBJC_ROOT_CLASS = YES_ERROR;
				CLANG_WARN_UNREACHABLE_CODE = YES;
				CLANG_WARN__DUPLICATE_METHOD_MATCH = YES;
				"CODE_SIGN_IDENTITY[sdk=iphoneos*]" = "iPhone Developer";
				COPY_PHASE_STRIP = NO;
				DEBUG_INFORMATION_FORMAT = dwarf;
				ENABLE_STRICT_OBJC_MSGSEND = YES;
				ENABLE_TESTABILITY = YES;
				GCC_C_LANGUAGE_STANDARD = gnu99;
				GCC_DYNAMIC_NO_PIC = NO;
				GCC_NO_COMMON_BLOCKS = YES;
				GCC_OPTIMIZATION_LEVEL = 0;
				GCC_PREPROCESSOR_DEFINITIONS = (
					"DEBUG=1",
					"$(inherited)",
				);
				GCC_WARN_64_TO_32_BIT_CONVERSION = YES;
				GCC_WARN_ABOUT_RETURN_TYPE = YES_ERROR;
				GCC_WARN_UNDECLARED_SELECTOR = YES;
				GCC_WARN_UNINITIALIZED_AUTOS = YES_AGGRESSIVE;
				GCC_WARN_UNUSED_FUNCTION = YES;
				GCC_WARN_UNUSED_VARIABLE = YES;
				IPHONEOS_DEPLOYMENT_TARGET = 9.2;
				MTL_ENABLE_DEBUG_INFO = YES;
				ONLY_ACTIVE_ARCH = YES;
				SDKROOT = iphoneos;
			};
			name = Debug;
		};
		E4AE3A541C7F8C9500E7670E /* Release */ = {
			isa = XCBuildConfiguration;
			buildSettings = {
				ALWAYS_SEARCH_USER_PATHS = NO;
				CLANG_CXX_LANGUAGE_STANDARD = "gnu++0x";
				CLANG_CXX_LIBRARY = "libc++";
				CLANG_ENABLE_MODULES = YES;
				CLANG_ENABLE_OBJC_ARC = YES;
				CLANG_WARN_BOOL_CONVERSION = YES;
				CLANG_WARN_CONSTANT_CONVERSION = YES;
				CLANG_WARN_DIRECT_OBJC_ISA_USAGE = YES_ERROR;
				CLANG_WARN_EMPTY_BODY = YES;
				CLANG_WARN_ENUM_CONVERSION = YES;
				CLANG_WARN_INT_CONVERSION = YES;
				CLANG_WARN_OBJC_ROOT_CLASS = YES_ERROR;
				CLANG_WARN_UNREACHABLE_CODE = YES;
				CLANG_WARN__DUPLICATE_METHOD_MATCH = YES;
				"CODE_SIGN_IDENTITY[sdk=iphoneos*]" = "iPhone Developer";
				COPY_PHASE_STRIP = NO;
				DEBUG_INFORMATION_FORMAT = "dwarf-with-dsym";
				ENABLE_NS_ASSERTIONS = NO;
				ENABLE_STRICT_OBJC_MSGSEND = YES;
				GCC_C_LANGUAGE_STANDARD = gnu99;
				GCC_NO_COMMON_BLOCKS = YES;
				GCC_WARN_64_TO_32_BIT_CONVERSION = YES;
				GCC_WARN_ABOUT_RETURN_TYPE = YES_ERROR;
				GCC_WARN_UNDECLARED_SELECTOR = YES;
				GCC_WARN_UNINITIALIZED_AUTOS = YES_AGGRESSIVE;
				GCC_WARN_UNUSED_FUNCTION = YES;
				GCC_WARN_UNUSED_VARIABLE = YES;
				IPHONEOS_DEPLOYMENT_TARGET = 9.2;
				MTL_ENABLE_DEBUG_INFO = NO;
				SDKROOT = iphoneos;
				VALIDATE_PRODUCT = YES;
			};
			name = Release;
		};
		E4AE3A561C7F8C9500E7670E /* Debug */ = {
			isa = XCBuildConfiguration;
			buildSettings = {
				ASSETCATALOG_COMPILER_APPICON_NAME = AppIcon;
				CODE_SIGN_IDENTITY = "iPhone Developer";
				"CODE_SIGN_IDENTITY[sdk=iphoneos*]" = "iPhone Developer";
				FRAMEWORK_SEARCH_PATHS = (
					"$(inherited)",
					"$(PROJECT_DIR)/Swipe",
				);
				INFOPLIST_FILE = Swipe/Info.plist;
				IPHONEOS_DEPLOYMENT_TARGET = 8.1;
				LD_RUNPATH_SEARCH_PATHS = "$(inherited) @executable_path/Frameworks";
				PRODUCT_BUNDLE_IDENTIFIER = Guowei.Swipe;
				PRODUCT_NAME = Swipe;
			};
			name = Debug;
		};
		E4AE3A571C7F8C9500E7670E /* Release */ = {
			isa = XCBuildConfiguration;
			buildSettings = {
				ASSETCATALOG_COMPILER_APPICON_NAME = AppIcon;
				CODE_SIGN_IDENTITY = "iPhone Developer";
				"CODE_SIGN_IDENTITY[sdk=iphoneos*]" = "iPhone Distribution";
				FRAMEWORK_SEARCH_PATHS = (
					"$(inherited)",
					"$(PROJECT_DIR)/Swipe",
				);
				INFOPLIST_FILE = Swipe/Info.plist;
				IPHONEOS_DEPLOYMENT_TARGET = 8.1;
				LD_RUNPATH_SEARCH_PATHS = "$(inherited) @executable_path/Frameworks";
				PRODUCT_BUNDLE_IDENTIFIER = Guowei.Swipe;
				PRODUCT_NAME = Swipe;
			};
			name = Release;
		};
		E4AE3A591C7F8C9500E7670E /* Debug */ = {
			isa = XCBuildConfiguration;
			buildSettings = {
				BUNDLE_LOADER = "$(TEST_HOST)";
				INFOPLIST_FILE = SwipeTests/Info.plist;
				LD_RUNPATH_SEARCH_PATHS = "$(inherited) @executable_path/Frameworks @loader_path/Frameworks";
				PRODUCT_BUNDLE_IDENTIFIER = Guowei.SwipeTests;
				PRODUCT_NAME = Swipe;
				TEST_HOST = "$(BUILT_PRODUCTS_DIR)/Swipe.app/Swipe";
			};
			name = Debug;
		};
		E4AE3A5A1C7F8C9500E7670E /* Release */ = {
			isa = XCBuildConfiguration;
			buildSettings = {
				BUNDLE_LOADER = "$(TEST_HOST)";
				INFOPLIST_FILE = SwipeTests/Info.plist;
				LD_RUNPATH_SEARCH_PATHS = "$(inherited) @executable_path/Frameworks @loader_path/Frameworks";
				PRODUCT_BUNDLE_IDENTIFIER = Guowei.SwipeTests;
				PRODUCT_NAME = Swipe;
				TEST_HOST = "$(BUILT_PRODUCTS_DIR)/Swipe.app/Swipe";
			};
			name = Release;
		};
		E4AE3A5C1C7F8C9500E7670E /* Debug */ = {
			isa = XCBuildConfiguration;
			buildSettings = {
				INFOPLIST_FILE = SwipeUITests/Info.plist;
				LD_RUNPATH_SEARCH_PATHS = "$(inherited) @executable_path/Frameworks @loader_path/Frameworks";
				PRODUCT_BUNDLE_IDENTIFIER = Guowei.SwipeUITests;
				PRODUCT_NAME = Swipe;
				TEST_TARGET_NAME = Swipe;
				USES_XCTRUNNER = YES;
			};
			name = Debug;
		};
		E4AE3A5D1C7F8C9500E7670E /* Release */ = {
			isa = XCBuildConfiguration;
			buildSettings = {
				INFOPLIST_FILE = SwipeUITests/Info.plist;
				LD_RUNPATH_SEARCH_PATHS = "$(inherited) @executable_path/Frameworks @loader_path/Frameworks";
				PRODUCT_BUNDLE_IDENTIFIER = Guowei.SwipeUITests;
				PRODUCT_NAME = Swipe;
				TEST_TARGET_NAME = Swipe;
				USES_XCTRUNNER = YES;
			};
			name = Release;
		};
/* End XCBuildConfiguration section */

/* Begin XCConfigurationList section */
		E4AE3A231C7F8C9500E7670E /* Build configuration list for PBXProject "Swipe" */ = {
			isa = XCConfigurationList;
			buildConfigurations = (
				E4AE3A531C7F8C9500E7670E /* Debug */,
				E4AE3A541C7F8C9500E7670E /* Release */,
			);
			defaultConfigurationIsVisible = 0;
			defaultConfigurationName = Release;
		};
		E4AE3A551C7F8C9500E7670E /* Build configuration list for PBXNativeTarget "Swipe" */ = {
			isa = XCConfigurationList;
			buildConfigurations = (
				E4AE3A561C7F8C9500E7670E /* Debug */,
				E4AE3A571C7F8C9500E7670E /* Release */,
			);
			defaultConfigurationIsVisible = 0;
			defaultConfigurationName = Release;
		};
		E4AE3A581C7F8C9500E7670E /* Build configuration list for PBXNativeTarget "SwipeTests" */ = {
			isa = XCConfigurationList;
			buildConfigurations = (
				E4AE3A591C7F8C9500E7670E /* Debug */,
				E4AE3A5A1C7F8C9500E7670E /* Release */,
			);
			defaultConfigurationIsVisible = 0;
			defaultConfigurationName = Release;
		};
		E4AE3A5B1C7F8C9500E7670E /* Build configuration list for PBXNativeTarget "SwipeUITests" */ = {
			isa = XCConfigurationList;
			buildConfigurations = (
				E4AE3A5C1C7F8C9500E7670E /* Debug */,
				E4AE3A5D1C7F8C9500E7670E /* Release */,
			);
			defaultConfigurationIsVisible = 0;
			defaultConfigurationName = Release;
		};
/* End XCConfigurationList section */
	};
	rootObject = E4AE3A201C7F8C9500E7670E /* Project object */;
}
